<Solution>
  <Folder Name="/AFS Basic Core Library/">
    <Project Path="ProjectAFS.Core.Analyzers/ProjectAFS.Core.Analyzers.csproj" />
    <Project Path="ProjectAFS.Core.CodeFix/ProjectAFS.Core.CodeFix.csproj" />
    <Project Path="ProjectAFS.Core/ProjectAFS.Core.csproj" />
    <Project Path="ProjectAFS.Launcher.Desktop/ProjectAFS.Launcher.Desktop.csproj" />
    <Project Path="ProjectAFS.Resources/ProjectAFS.Resources.csproj" />
    <Project Path="ProjectAFS.Shell.Desktop/ProjectAFS.Shell.Desktop.csproj" />
  </Folder>
  <Folder Name="/Plugins/">
    <Project Path="ProjectAFS.Template.StandardFanmadeProject/ProjectAFS.Template.StandardFanmadeProject.csproj" />
  </Folder>
  <Folder Name="/Misc/">
    <File Path="Build/PluginPacking.targets" />
    <File Path="Build/PluginAutoCopy.targets" />
  </Folder>
</Solution>
